
Microsoft Visual Studio Solution File, Format Version 12.00
# Visual Studio Version 16
VisualStudioVersion = 16.0.30523.141
MinimumVisualStudioVersion = 10.0.40219.1
Project("{FAE04EC0-301F-11D3-BF4B-00C04F79EFBC}") = "DownTheRoad.Android", "DownTheRoad\DownTheRoad.Android\DownTheRoad.Android.csproj", "{3899AB9A-E74F-4D46-841A-1CA3DDFFA071}"
EndProject
Project("{FAE04EC0-301F-11D3-BF4B-00C04F79EFBC}") = "DownTheRoad.iOS", "DownTheRoad\DownTheRoad.iOS\DownTheRoad.iOS.csproj", "{8BB09A5D-EBB7-4FE0-A946-53C409F81EF0}"
EndProject
Project("{9A19103F-16F7-4668-BE54-9A1E7A4F7556}") = "DownTheRoad", "DownTheRoad\DownTheRoad\DownTheRoad.csproj", "{EF77ABFC-9742-4BE8-93DD-1EE0B92A8DCB}"
EndProject
Global
	GlobalSection(SolutionConfigurationPlatforms) = preSolution
		Debug|Any CPU = Debug|Any CPU
		Debug|iPhone = Debug|iPhone
		Debug|iPhoneSimulator = Debug|iPhoneSimulator
		Release|Any CPU = Release|Any CPU
		Release|iPhone = Release|iPhone
		Release|iPhoneSimulator = Release|iPhoneSimulator
	EndGlobalSection
	GlobalSection(ProjectConfigurationPlatforms) = postSolution
		{3899AB9A-E74F-4D46-841A-1CA3DDFFA071}.Debug|Any CPU.ActiveCfg = Debug|Any CPU
		{3899AB9A-E74F-4D46-841A-1CA3DDFFA071}.Debug|Any CPU.Build.0 = Debug|Any CPU
		{3899AB9A-E74F-4D46-841A-1CA3DDFFA071}.Debug|Any CPU.Deploy.0 = Debug|Any CPU
		{3899AB9A-E74F-4D46-841A-1CA3DDFFA071}.Debug|iPhone.ActiveCfg = Debug|Any CPU
		{3899AB9A-E74F-4D46-841A-1CA3DDFFA071}.Debug|iPhone.Build.0 = Debug|Any CPU
		{3899AB9A-E74F-4D46-841A-1CA3DDFFA071}.Debug|iPhone.Deploy.0 = Debug|Any CPU
		{3899AB9A-E74F-4D46-841A-1CA3DDFFA071}.Debug|iPhoneSimulator.ActiveCfg = Debug|Any CPU
		{3899AB9A-E74F-4D46-841A-1CA3DDFFA071}.Debug|iPhoneSimulator.Build.0 = Debug|Any CPU
		{3899AB9A-E74F-4D46-841A-1CA3DDFFA071}.Debug|iPhoneSimulator.Deploy.0 = Debug|Any CPU
		{3899AB9A-E74F-4D46-841A-1CA3DDFFA071}.Release|Any CPU.ActiveCfg = Release|Any CPU
		{3899AB9A-E74F-4D46-841A-1CA3DDFFA071}.Release|Any CPU.Build.0 = Release|Any CPU
		{3899AB9A-E74F-4D46-841A-1CA3DDFFA071}.Release|Any CPU.Deploy.0 = Release|Any CPU
		{3899AB9A-E74F-4D46-841A-1CA3DDFFA071}.Release|iPhone.ActiveCfg = Release|Any CPU
		{3899AB9A-E74F-4D46-841A-1CA3DDFFA071}.Release|iPhone.Build.0 = Release|Any CPU
		{3899AB9A-E74F-4D46-841A-1CA3DDFFA071}.Release|iPhone.Deploy.0 = Release|Any CPU
		{3899AB9A-E74F-4D46-841A-1CA3DDFFA071}.Release|iPhoneSimulator.ActiveCfg = Release|Any CPU
		{3899AB9A-E74F-4D46-841A-1CA3DDFFA071}.Release|iPhoneSimulator.Build.0 = Release|Any CPU
		{3899AB9A-E74F-4D46-841A-1CA3DDFFA071}.Release|iPhoneSimulator.Deploy.0 = Release|Any CPU
		{8BB09A5D-EBB7-4FE0-A946-53C409F81EF0}.Debug|Any CPU.ActiveCfg = Debug|iPhone
		{8BB09A5D-EBB7-4FE0-A946-53C409F81EF0}.Debug|Any CPU.Build.0 = Debug|iPhone
		{8BB09A5D-EBB7-4FE0-A946-53C409F81EF0}.Debug|Any CPU.Deploy.0 = Debug|iPhone
		{8BB09A5D-EBB7-4FE0-A946-53C409F81EF0}.Debug|iPhone.ActiveCfg = Debug|iPhone
		{8BB09A5D-EBB7-4FE0-A946-53C409F81EF0}.Debug|iPhone.Build.0 = Debug|iPhone
		{8BB09A5D-EBB7-4FE0-A946-53C409F81EF0}.Debug|iPhone.Deploy.0 = Debug|iPhone
		{8BB09A5D-EBB7-4FE0-A946-53C409F81EF0}.Debug|iPhoneSimulator.ActiveCfg = Debug|iPhoneSimulator
		{8BB09A5D-EBB7-4FE0-A946-53C409F81EF0}.Debug|iPhoneSimulator.Build.0 = Debug|iPhoneSimulator
		{8BB09A5D-EBB7-4FE0-A946-53C409F81EF0}.Debug|iPhoneSimulator.Deploy.0 = Debug|iPhoneSimulator
		{8BB09A5D-EBB7-4FE0-A946-53C409F81EF0}.Release|Any CPU.ActiveCfg = Release|iPhoneSimulator
		{8BB09A5D-EBB7-4FE0-A946-53C409F81EF0}.Release|Any CPU.Build.0 = Release|iPhoneSimulator
		{8BB09A5D-EBB7-4FE0-A946-53C409F81EF0}.Release|Any CPU.Deploy.0 = Release|iPhoneSimulator
		{8BB09A5D-EBB7-4FE0-A946-53C409F81EF0}.Release|iPhone.ActiveCfg = Release|iPhone
		{8BB09A5D-EBB7-4FE0-A946-53C409F81EF0}.Release|iPhone.Build.0 = Release|iPhone
		{8BB09A5D-EBB7-4FE0-A946-53C409F81EF0}.Release|iPhone.Deploy.0 = Release|iPhone
		{8BB09A5D-EBB7-4FE0-A946-53C409F81EF0}.Release|iPhoneSimulator.ActiveCfg = Release|iPhoneSimulator
		{8BB09A5D-EBB7-4FE0-A946-53C409F81EF0}.Release|iPhoneSimulator.Build.0 = Release|iPhoneSimulator
		{8BB09A5D-EBB7-4FE0-A946-53C409F81EF0}.Release|iPhoneSimulator.Deploy.0 = Release|iPhoneSimulator
		{EF77ABFC-9742-4BE8-93DD-1EE0B92A8DCB}.Debug|Any CPU.ActiveCfg = Debug|Any CPU
		{EF77ABFC-9742-4BE8-93DD-1EE0B92A8DCB}.Debug|Any CPU.Build.0 = Debug|Any CPU
		{EF77ABFC-9742-4BE8-93DD-1EE0B92A8DCB}.Debug|Any CPU.Deploy.0 = Debug|Any CPU
		{EF77ABFC-9742-4BE8-93DD-1EE0B92A8DCB}.Debug|iPhone.ActiveCfg = Debug|Any CPU
		{EF77ABFC-9742-4BE8-93DD-1EE0B92A8DCB}.Debug|iPhone.Build.0 = Debug|Any CPU
		{EF77ABFC-9742-4BE8-93DD-1EE0B92A8DCB}.Debug|iPhone.Deploy.0 = Debug|Any CPU
		{EF77ABFC-9742-4BE8-93DD-1EE0B92A8DCB}.Debug|iPhoneSimulator.ActiveCfg = Debug|Any CPU
		{EF77ABFC-9742-4BE8-93DD-1EE0B92A8DCB}.Debug|iPhoneSimulator.Build.0 = Debug|Any CPU
		{EF77ABFC-9742-4BE8-93DD-1EE0B92A8DCB}.Debug|iPhoneSimulator.Deploy.0 = Debug|Any CPU
		{EF77ABFC-9742-4BE8-93DD-1EE0B92A8DCB}.Release|Any CPU.ActiveCfg = Release|Any CPU
		{EF77ABFC-9742-4BE8-93DD-1EE0B92A8DCB}.Release|Any CPU.Build.0 = Release|Any CPU
		{EF77ABFC-9742-4BE8-93DD-1EE0B92A8DCB}.Release|Any CPU.Deploy.0 = Release|Any CPU
		{EF77ABFC-9742-4BE8-93DD-1EE0B92A8DCB}.Release|iPhone.ActiveCfg = Release|Any CPU
		{EF77ABFC-9742-4BE8-93DD-1EE0B92A8DCB}.Release|iPhone.Build.0 = Release|Any CPU
		{EF77ABFC-9742-4BE8-93DD-1EE0B92A8DCB}.Release|iPhone.Deploy.0 = Release|Any CPU
		{EF77ABFC-9742-4BE8-93DD-1EE0B92A8DCB}.Release|iPhoneSimulator.ActiveCfg = Release|Any CPU
		{EF77ABFC-9742-4BE8-93DD-1EE0B92A8DCB}.Release|iPhoneSimulator.Build.0 = Release|Any CPU
		{EF77ABFC-9742-4BE8-93DD-1EE0B92A8DCB}.Release|iPhoneSimulator.Deploy.0 = Release|Any CPU
	EndGlobalSection
	GlobalSection(SolutionProperties) = preSolution
		HideSolutionNode = FALSE
	EndGlobalSection
	GlobalSection(ExtensibilityGlobals) = postSolution
		SolutionGuid = {2DCCC830-6BC3-4580-8526-F8CFB129550D}
	EndGlobalSection
EndGlobal
